
Microsoft Visual Studio Solution File, Format Version 12.00
# Visual Studio Version 17
VisualStudioVersion = 17.5.33424.131
MinimumVisualStudioVersion = 10.0.40219.1
Project("{FAE04EC0-301F-11D3-BF4B-00C04F79EFBC}") = "Tanant", "Tanant\Tanant.csproj", "{61E5C962-E4AA-4DB7-852D-2493C1E7E420}"
EndProject
Global
	GlobalSection(SolutionConfigurationPlatforms) = preSolution
		Debug|Any CPU = Debug|Any CPU
		Release|Any CPU = Release|Any CPU
	EndGlobalSection
	GlobalSection(ProjectConfigurationPlatforms) = postSolution
		{61E5C962-E4AA-4DB7-852D-2493C1E7E420}.Debug|Any CPU.ActiveCfg = Debug|Any CPU
		{61E5C962-E4AA-4DB7-852D-2493C1E7E420}.Debug|Any CPU.Build.0 = Debug|Any CPU
		{61E5C962-E4AA-4DB7-852D-2493C1E7E420}.Release|Any CPU.ActiveCfg = Release|Any CPU
		{61E5C962-E4AA-4DB7-852D-2493C1E7E420}.Release|Any CPU.Build.0 = Release|Any CPU
	EndGlobalSection
	GlobalSection(SolutionProperties) = preSolution
		HideSolutionNode = FALSE
	EndGlobalSection
	GlobalSection(ExtensibilityGlobals) = postSolution
		SolutionGuid = {AE5C3DD7-6E37-4EE2-8B9F-09F569DBADC6}
	EndGlobalSection
EndGlobal
